
Microsoft Visual Studio Solution File, Format Version 12.00
# Visual Studio Version 16
VisualStudioVersion = 16.0.29306.81
MinimumVisualStudioVersion = 10.0.40219.1
Project("{9A19103F-16F7-4668-BE54-9A1E7A4F7556}") = "FibraClickSocial", "FibraClickSocial\FibraClickSocial.csproj", "{EE626105-E1A9-4E32-ABAB-9AC72F4BBDBB}"
EndProject
Global
	GlobalSection(SolutionConfigurationPlatforms) = preSolution
		Debug|Any CPU = Debug|Any CPU
		Release|Any CPU = Release|Any CPU
	EndGlobalSection
	GlobalSection(ProjectConfigurationPlatforms) = postSolution
		{EE626105-E1A9-4E32-ABAB-9AC72F4BBDBB}.Debug|Any CPU.ActiveCfg = Debug|Any CPU
		{EE626105-E1A9-4E32-ABAB-9AC72F4BBDBB}.Debug|Any CPU.Build.0 = Debug|Any CPU
		{EE626105-E1A9-4E32-ABAB-9AC72F4BBDBB}.Release|Any CPU.ActiveCfg = Release|Any CPU
		{EE626105-E1A9-4E32-ABAB-9AC72F4BBDBB}.Release|Any CPU.Build.0 = Release|Any CPU
	EndGlobalSection
	GlobalSection(SolutionProperties) = preSolution
		HideSolutionNode = FALSE
	EndGlobalSection
	GlobalSection(ExtensibilityGlobals) = postSolution
		SolutionGuid = {69528CDB-EB66-4D43-9A88-131BB39A4029}
	EndGlobalSection
EndGlobal
